
Microsoft Visual Studio Solution File, Format Version 12.00
# Visual Studio Version 17
VisualStudioVersion = 17.4.32804.182
MinimumVisualStudioVersion = 10.0.40219.1
Project("{9A19103F-16F7-4668-BE54-9A1E7A4F7556}") = "Model", "Model\Model.csproj", "{6E74ABC1-CC42-4564-9168-26055F459B60}"
EndProject
Project("{9A19103F-16F7-4668-BE54-9A1E7A4F7556}") = "Core", "Core\Core.csproj", "{44169724-998D-4407-88E1-B02B97491EA3}"
EndProject
Project("{2150E333-8FDC-42A3-9474-1A3956D46DE8}") = "Solution Items", "Solution Items", "{7BD24DC3-A212-4B6B-B798-7483BA047BEB}"
	ProjectSection(SolutionItems) = preProject
		.editorconfig = .editorconfig
		.gitignore = .gitignore
		README.md = README.md
	EndProjectSection
EndProject
Project("{9A19103F-16F7-4668-BE54-9A1E7A4F7556}") = "Console", "Console\Console.csproj", "{035E8659-D511-4592-85AC-E8B970887120}"
EndProject
Global
	GlobalSection(SolutionConfigurationPlatforms) = preSolution
		Debug|Any CPU = Debug|Any CPU
		Release|Any CPU = Release|Any CPU
	EndGlobalSection
	GlobalSection(ProjectConfigurationPlatforms) = postSolution
		{6E74ABC1-CC42-4564-9168-26055F459B60}.Debug|Any CPU.ActiveCfg = Debug|Any CPU
		{6E74ABC1-CC42-4564-9168-26055F459B60}.Debug|Any CPU.Build.0 = Debug|Any CPU
		{6E74ABC1-CC42-4564-9168-26055F459B60}.Release|Any CPU.ActiveCfg = Release|Any CPU
		{6E74ABC1-CC42-4564-9168-26055F459B60}.Release|Any CPU.Build.0 = Release|Any CPU
		{44169724-998D-4407-88E1-B02B97491EA3}.Debug|Any CPU.ActiveCfg = Debug|Any CPU
		{44169724-998D-4407-88E1-B02B97491EA3}.Debug|Any CPU.Build.0 = Debug|Any CPU
		{44169724-998D-4407-88E1-B02B97491EA3}.Release|Any CPU.ActiveCfg = Release|Any CPU
		{44169724-998D-4407-88E1-B02B97491EA3}.Release|Any CPU.Build.0 = Release|Any CPU
		{035E8659-D511-4592-85AC-E8B970887120}.Debug|Any CPU.ActiveCfg = Debug|Any CPU
		{035E8659-D511-4592-85AC-E8B970887120}.Debug|Any CPU.Build.0 = Debug|Any CPU
		{035E8659-D511-4592-85AC-E8B970887120}.Release|Any CPU.ActiveCfg = Release|Any CPU
		{035E8659-D511-4592-85AC-E8B970887120}.Release|Any CPU.Build.0 = Release|Any CPU
	EndGlobalSection
	GlobalSection(SolutionProperties) = preSolution
		HideSolutionNode = FALSE
	EndGlobalSection
	GlobalSection(ExtensibilityGlobals) = postSolution
		SolutionGuid = {93EC7282-5C60-4AC7-A149-4C4CCC00AF70}
	EndGlobalSection
EndGlobal
